<?xml version="1.0" encoding="UTF-8"?>
<CONFIG>
  <ProjectOptions>
    <Version Value="11"/>
    <PathDelim Value="\"/>
    <General>
      <Flags>
        <LRSInOutputDirectory Value="False"/>
      </Flags>
      <MainUnit Value="0"/>
    </General>
    <VersionInfo>
      <Language Value=""/>
      <CharSet Value=""/>
    </VersionInfo>
    <BuildModes Count="1">
      <Item1 Name="default" Default="True"/>
    </BuildModes>
    <PublishOptions>
      <Version Value="2"/>
    </PublishOptions>
    <RunParams>
      <FormatVersion Value="2"/>
      <Modes Count="1">
        <Mode0 Name="default">
          <local>
            <LaunchingApplication PathPlusParams="/usr/X11R6/bin/xterm -T 'Lazarus Run Output' -e $(LazarusDir)/tools/runwait.sh $(TargetCmdLine)"/>
          </local>
        </Mode0>
      </Modes>
    </RunParams>
    <RequiredPackages Count="3">
      <Item1>
        <PackageName Value="FPCUnitTestRunner"/>
      </Item1>
      <Item2>
        <PackageName Value="LCL"/>
      </Item2>
      <Item3>
        <PackageName Value="FCL"/>
      </Item3>
    </RequiredPackages>
    <Units Count="13">
      <Unit0>
        <Filename Value="TestTicTacToeApp.lpr"/>
        <IsPartOfProject Value="True"/>
        <EditorIndex Value="2"/>
        <CursorPos X="5" Y="12"/>
        <UsageCount Value="51"/>
        <Loaded Value="True"/>
      </Unit0>
      <Unit1>
        <Filename Value="testtictactoeclass.pas"/>
        <IsPartOfProject Value="True"/>
        <UnitName Value="TestTicTacToeClass"/>
        <IsVisibleTab Value="True"/>
        <EditorIndex Value="1"/>
        <TopLine Value="31"/>
        <CursorPos X="59" Y="45"/>
        <UsageCount Value="51"/>
        <Loaded Value="True"/>
      </Unit1>
      <Unit2>
        <Filename Value="..\..\..\..\..\lazarus\fpc\2.2.0\source\packages\fcl-fpcunit\src\fpcunit.pp"/>
        <TopLine Value="391"/>
        <CursorPos X="17" Y="397"/>
        <UsageCount Value="25"/>
      </Unit2>
      <Unit3>
        <Filename Value="..\..\..\..\..\lazarus\fpc\2.2.0\source\packages\fcl-fpcunit\src\testutils.pp"/>
        <TopLine Value="33"/>
        <UsageCount Value="7"/>
      </Unit3>
      <Unit4>
        <Filename Value="..\..\..\..\..\lazarus\fpc\2.2.0\source\packages\fcl-fpcunit\src\testregistry.pp"/>
        <UsageCount Value="7"/>
      </Unit4>
      <Unit5>
        <Filename Value="..\..\..\..\..\lazarus\fpc\2.2.0\source\rtl\win32\classes.pp"/>
        <UnitName Value="Classes"/>
        <TopLine Value="3"/>
        <CursorPos X="8" Y="30"/>
        <UsageCount Value="7"/>
      </Unit5>
      <Unit6>
        <Filename Value="..\..\..\..\..\lazarus\fpc\2.2.0\source\rtl\win32\windows.pp"/>
        <TopLine Value="35"/>
        <UsageCount Value="7"/>
      </Unit6>
      <Unit7>
        <Filename Value="..\..\..\..\..\lazarus\components\fpcunit\guitestrunner.pas"/>
        <ComponentName Value="GUITestRunner"/>
        <HasResources Value="True"/>
        <UnitName Value="GuiTestRunner"/>
        <UsageCount Value="7"/>
      </Unit7>
      <Unit8>
        <Filename Value="Main.pas"/>
        <IsPartOfProject Value="True"/>
        <ComponentName Value="frMain"/>
        <HasResources Value="True"/>
        <ResourceBaseClass Value="Form"/>
        <TopLine Value="259"/>
        <CursorPos X="60" Y="19"/>
        <UsageCount Value="51"/>
        <Loaded Value="True"/>
        <LoadedDesigner Value="True"/>
      </Unit8>
      <Unit9>
        <Filename Value="..\..\..\..\..\lazarus\lcl\include\control.inc"/>
        <TopLine Value="2421"/>
        <CursorPos Y="2435"/>
        <UsageCount Value="7"/>
      </Unit9>
      <Unit10>
        <Filename Value="..\..\..\..\..\lazarus\fpc\2.2.0\source\rtl\objpas\classes\classesh.inc"/>
        <TopLine Value="1334"/>
        <CursorPos X="14" Y="1375"/>
        <UsageCount Value="7"/>
      </Unit10>
      <Unit11>
        <Filename Value="..\..\..\..\..\lazarus\lcl\dialogs.pp"/>
        <UnitName Value="Dialogs"/>
        <TopLine Value="465"/>
        <CursorPos X="11" Y="479"/>
        <UsageCount Value="7"/>
      </Unit11>
      <Unit12>
        <Filename Value="Main.lrs"/>
        <UsageCount Value="7"/>
      </Unit12>
    </Units>
    <JumpHistory Count="1">
      <Position1>
        <Filename Value="Main.pas"/>
        <Caret Line="265" Column="16" TopLine="222"/>
      </Position1>
    </JumpHistory>
  </ProjectOptions>
  <CompilerOptions>
    <Version Value="11"/>
    <PathDelim Value="\"/>
    <Parsing>
      <SyntaxOptions>
        <UseAnsiStrings Value="False"/>
      </SyntaxOptions>
    </Parsing>
  </CompilerOptions>
  <Debugging>
    <Exceptions Count="2">
      <Item1>
        <Name Value="ECodetoolError"/>
      </Item1>
      <Item2>
        <Name Value="EFOpenError"/>
      </Item2>
    </Exceptions>
  </Debugging>
</CONFIG>
